
Microsoft Visual Studio Solution File, Format Version 12.00
# Visual Studio Version 17
VisualStudioVersion = 17.10.34804.81
MinimumVisualStudioVersion = 10.0.40219.1
Project("{FAE04EC0-301F-11D3-BF4B-00C04F79EFBC}") = "Phi3MiniHost.Console", "Phi3MiniHost.Console\Phi3MiniHost.Console.csproj", "{88A88A88-34F9-4FB7-A5E2-32CB4EF0288A}"
EndProject
Global
	GlobalSection(SolutionConfigurationPlatforms) = preSolution
		Debug|Any CPU = Debug|Any CPU
		Release|Any CPU = Release|Any CPU
	EndGlobalSection
	GlobalSection(ProjectConfigurationPlatforms) = postSolution
		{88A88A88-34F9-4FB7-A5E2-32CB4EF0288A}.Debug|Any CPU.ActiveCfg = Debug|Any CPU
		{88A88A88-34F9-4FB7-A5E2-32CB4EF0288A}.Debug|Any CPU.Build.0 = Debug|Any CPU
		{88A88A88-34F9-4FB7-A5E2-32CB4EF0288A}.Release|Any CPU.ActiveCfg = Release|Any CPU
		{88A88A88-34F9-4FB7-A5E2-32CB4EF0288A}.Release|Any CPU.Build.0 = Release|Any CPU
	EndGlobalSection
	GlobalSection(SolutionProperties) = preSolution
		HideSolutionNode = FALSE
	EndGlobalSection
	GlobalSection(ExtensibilityGlobals) = postSolution
		SolutionGuid = {DB77CFB8-8BBB-4CAB-A46A-E3C8A7B51407}
	EndGlobalSection
EndGlobal
